
Microsoft Visual Studio Solution File, Format Version 12.00
# Visual Studio Version 17
VisualStudioVersion = 17.13.35818.85 d17.13
MinimumVisualStudioVersion = 10.0.40219.1
Project("{FAE04EC0-301F-11D3-BF4B-00C04F79EFBC}") = "tpmodul8_103022300131", "tpmodul8_103022300131.csproj", "{C090F381-5BFA-4BCC-987D-45A8C9666491}"
EndProject
Global
	GlobalSection(SolutionConfigurationPlatforms) = preSolution
		Debug|Any CPU = Debug|Any CPU
		Release|Any CPU = Release|Any CPU
	EndGlobalSection
	GlobalSection(ProjectConfigurationPlatforms) = postSolution
		{C090F381-5BFA-4BCC-987D-45A8C9666491}.Debug|Any CPU.ActiveCfg = Debug|Any CPU
		{C090F381-5BFA-4BCC-987D-45A8C9666491}.Debug|Any CPU.Build.0 = Debug|Any CPU
		{C090F381-5BFA-4BCC-987D-45A8C9666491}.Release|Any CPU.ActiveCfg = Release|Any CPU
		{C090F381-5BFA-4BCC-987D-45A8C9666491}.Release|Any CPU.Build.0 = Release|Any CPU
	EndGlobalSection
	GlobalSection(SolutionProperties) = preSolution
		HideSolutionNode = FALSE
	EndGlobalSection
	GlobalSection(ExtensibilityGlobals) = postSolution
		SolutionGuid = {2588EA1A-4DF8-415D-8E68-9F244960D8E5}
	EndGlobalSection
EndGlobal
